# This file was autogenerated by Stack.
# You should not edit this file by hand.
# For more information, please see the documentation at:
#   https://docs.haskellstack.org/en/stable/lock_files

packages:
- completed:
    hackage: tidal-1.5.2@sha256:a86ad0db12121276c6a22ae27011000167dc79832a5febaaafbbac4a2317f244,3674
    pantry-tree:
      size: 2809
      sha256: 92f8d1b8fc8f5dc8cfe50fa943dc31eb80639263a0db24d1814ce338439bf5e4
  original:
    hackage: tidal-1.5.2@sha256:a86ad0db12121276c6a22ae27011000167dc79832a5febaaafbbac4a2317f244,3674
snapshots:
- completed:
    size: 524996
    url: https://raw.githubusercontent.com/commercialhaskell/stackage-snapshots/master/lts/14/27.yaml
    sha256: 7ea31a280c56bf36ff591a7397cc384d0dff622e7f9e4225b47d8980f019a0f0
  original: lts-14.27
